
Microsoft Visual Studio Solution File, Format Version 12.00
# Visual Studio Version 16
VisualStudioVersion = 16.0.30011.22
MinimumVisualStudioVersion = 10.0.40219.1
Project("{FAE04EC0-301F-11D3-BF4B-00C04F79EFBC}") = "OefeningBoekBoekenrek", "OefeningBoekBoekenrek\OefeningBoekBoekenrek.csproj", "{1E4D8745-7D20-447C-BD89-09CFDBDBCAE5}"
EndProject
Global
	GlobalSection(SolutionConfigurationPlatforms) = preSolution
		Debug|Any CPU = Debug|Any CPU
		Release|Any CPU = Release|Any CPU
	EndGlobalSection
	GlobalSection(ProjectConfigurationPlatforms) = postSolution
		{1E4D8745-7D20-447C-BD89-09CFDBDBCAE5}.Debug|Any CPU.ActiveCfg = Debug|Any CPU
		{1E4D8745-7D20-447C-BD89-09CFDBDBCAE5}.Debug|Any CPU.Build.0 = Debug|Any CPU
		{1E4D8745-7D20-447C-BD89-09CFDBDBCAE5}.Release|Any CPU.ActiveCfg = Release|Any CPU
		{1E4D8745-7D20-447C-BD89-09CFDBDBCAE5}.Release|Any CPU.Build.0 = Release|Any CPU
	EndGlobalSection
	GlobalSection(SolutionProperties) = preSolution
		HideSolutionNode = FALSE
	EndGlobalSection
	GlobalSection(ExtensibilityGlobals) = postSolution
		SolutionGuid = {E6D27199-6E5E-42EC-85B3-940C5CA830D6}
	EndGlobalSection
EndGlobal
